// !$*UTF8*$!
{
	archiveVersion = 1;
	classes = {
	};
	objectVersion = 54;
	objects = {

/* Begin PBXBuildFile section */
		00E356F31AD99517003FC87E /* streakkTests.m in Sources */ = {isa = PBXBuildFile; fileRef = 00E356F21AD99517003FC87E /* streakkTests.m */; };
		0C80B921A6F3F58F76C31292 /* libPods-streakk.a in Frameworks */ = {isa = PBXBuildFile; fileRef = 5DCACB8F33CDC322A6C60F78 /* libPods-streakk.a */; };
		13B07FBC1A68108700A75B9A /* AppDelegate.mm in Sources */ = {isa = PBXBuildFile; fileRef = 13B07FB01A68108700A75B9A /* AppDelegate.mm */; };
		13B07FBF1A68108700A75B9A /* Images.xcassets in Resources */ = {isa = PBXBuildFile; fileRef = 13B07FB51A68108700A75B9A /* Images.xcassets */; };
		13B07FC11A68108700A75B9A /* main.m in Sources */ = {isa = PBXBuildFile; fileRef = 13B07FB71A68108700A75B9A /* main.m */; };
		7699B88040F8A987B510C191 /* libPods-streakk-streakkTests.a in Frameworks */ = {isa = PBXBuildFile; fileRef = 19F6CBCC0A4E27FBF8BF4A61 /* libPods-streakk-streakkTests.a */; };
		81AB9BB82411601600AC10FF /* LaunchScreen.storyboard in Resources */ = {isa = PBXBuildFile; fileRef = 81AB9BB72411601600AC10FF /* LaunchScreen.storyboard */; };
		EE16E4B41EFF4C029CCC7124 /* Barlow-Black.ttf in Resources */ = {isa = PBXBuildFile; fileRef = C5F63EE21E8B491F90FC57A2 /* Barlow-Black.ttf */; };
		66517A1CBBEA470C875C0FF4 /* Barlow-BlackItalic.ttf in Resources */ = {isa = PBXBuildFile; fileRef = D103EBAF424E4377ABA834A7 /* Barlow-BlackItalic.ttf */; };
		AFB5747F0F904D8199780C36 /* Barlow-Bold.ttf in Resources */ = {isa = PBXBuildFile; fileRef = C1C384C1FDB4481D80CC4652 /* Barlow-Bold.ttf */; };
		403A81D7B55740F18901063A /* Barlow-BoldItalic.ttf in Resources */ = {isa = PBXBuildFile; fileRef = 64136D948E9C41A49B6C2A4C /* Barlow-BoldItalic.ttf */; };
		95B019D84B2443288CF1529C /* Barlow-ExtraBold.ttf in Resources */ = {isa = PBXBuildFile; fileRef = 232C453C69ED42BBBC1D9269 /* Barlow-ExtraBold.ttf */; };
		A4A1AAEC8C7B4A25AC68836C /* Barlow-ExtraBoldItalic.ttf in Resources */ = {isa = PBXBuildFile; fileRef = 440816503AF544A989FE451C /* Barlow-ExtraBoldItalic.ttf */; };
		52393F2908594D1985A5906D /* Barlow-ExtraLight.ttf in Resources */ = {isa = PBXBuildFile; fileRef = 6C28085146D84CCA8CF48E70 /* Barlow-ExtraLight.ttf */; };
		5E1F8AE968DF403EB60B933D /* Barlow-ExtraLightItalic.ttf in Resources */ = {isa = PBXBuildFile; fileRef = 656DC661B89147B5B6C93AB8 /* Barlow-ExtraLightItalic.ttf */; };
		DB10A840ECA549E0A4E2B1A3 /* Barlow-Italic.ttf in Resources */ = {isa = PBXBuildFile; fileRef = 7D838A9D1E694144B8BF1361 /* Barlow-Italic.ttf */; };
		A72F0CA2149A436B89A5DBB1 /* Barlow-Light.ttf in Resources */ = {isa = PBXBuildFile; fileRef = B0B718BAF6DE475C893B69AF /* Barlow-Light.ttf */; };
		CFFA414D4B98413EA0A5507A /* Barlow-LightItalic.ttf in Resources */ = {isa = PBXBuildFile; fileRef = FDB77323B6184DEB839B89C9 /* Barlow-LightItalic.ttf */; };
		09735DA627134265B29A1E85 /* Barlow-Medium.ttf in Resources */ = {isa = PBXBuildFile; fileRef = 0C53A9E1A6A84CAFA23B8A79 /* Barlow-Medium.ttf */; };
		5374D210BFE84E36A23D5F1E /* Barlow-MediumItalic.ttf in Resources */ = {isa = PBXBuildFile; fileRef = 1AAE3B0F8360424F8A3F743D /* Barlow-MediumItalic.ttf */; };
		19F2486641C34356A5D2B6A5 /* Barlow-Regular.ttf in Resources */ = {isa = PBXBuildFile; fileRef = 5F3FB3C91AFE4C2C9E2A7049 /* Barlow-Regular.ttf */; };
		18863B3EEB9444DFAFEAD3C4 /* Barlow-SemiBold.ttf in Resources */ = {isa = PBXBuildFile; fileRef = D4CEF03D6C0B4ECDB93013A9 /* Barlow-SemiBold.ttf */; };
		5928F453AA9D4FBAB73430D5 /* Barlow-SemiBoldItalic.ttf in Resources */ = {isa = PBXBuildFile; fileRef = D75EB18F98D14A79A59EF765 /* Barlow-SemiBoldItalic.ttf */; };
		89C8B300E7E4446480CE8B4F /* Barlow-Thin.ttf in Resources */ = {isa = PBXBuildFile; fileRef = A6F524AC57EC4B83AE7804F2 /* Barlow-Thin.ttf */; };
		3D3324FFE47442089DC77E96 /* Barlow-ThinItalic.ttf in Resources */ = {isa = PBXBuildFile; fileRef = 35DC0F0CDE7E4C1E8A9D8795 /* Barlow-ThinItalic.ttf */; };
		2985F8F8C34D46068A14179D /* IBMPlexMono-Bold.ttf in Resources */ = {isa = PBXBuildFile; fileRef = B5E4D8032C0B411D9B1C4921 /* IBMPlexMono-Bold.ttf */; };
		FD361B36F67149AA89FB85B2 /* IBMPlexMono-BoldItalic.ttf in Resources */ = {isa = PBXBuildFile; fileRef = 9DE96C42944B4F16AA3B0198 /* IBMPlexMono-BoldItalic.ttf */; };
		0AFF2CA56D734BD281765DBD /* IBMPlexMono-ExtraLight.ttf in Resources */ = {isa = PBXBuildFile; fileRef = D29186270D4040159CC28CAC /* IBMPlexMono-ExtraLight.ttf */; };
		033C8B23E2AB48DCB3CAD866 /* IBMPlexMono-ExtraLightItalic.ttf in Resources */ = {isa = PBXBuildFile; fileRef = D265B0BA6FDB4E9CA15E7EAC /* IBMPlexMono-ExtraLightItalic.ttf */; };
		74F886202FD348CA9D9766F4 /* IBMPlexMono-Italic.ttf in Resources */ = {isa = PBXBuildFile; fileRef = B4FEE92C74614CCE9D8F4813 /* IBMPlexMono-Italic.ttf */; };
		C1BFAF197C5A4CDE987A383F /* IBMPlexMono-Light.ttf in Resources */ = {isa = PBXBuildFile; fileRef = 2DC1F9B08F524033A3F057B4 /* IBMPlexMono-Light.ttf */; };
		19F5C467B7FF4C7B96AD3812 /* IBMPlexMono-LightItalic.ttf in Resources */ = {isa = PBXBuildFile; fileRef = 4DF98EDFB1BB4F1B95787271 /* IBMPlexMono-LightItalic.ttf */; };
		AB62C9CECF24406EB35FCDCF /* IBMPlexMono-Medium.ttf in Resources */ = {isa = PBXBuildFile; fileRef = 454D26F9D6734CB1BCD40C26 /* IBMPlexMono-Medium.ttf */; };
		DC88DC645A8E4AF8ADC2B0D6 /* IBMPlexMono-MediumItalic.ttf in Resources */ = {isa = PBXBuildFile; fileRef = 59AF019B511B422099B97380 /* IBMPlexMono-MediumItalic.ttf */; };
		FA675638385C4DD29BFEF3AD /* IBMPlexMono-Regular.ttf in Resources */ = {isa = PBXBuildFile; fileRef = 72FD578AEF2D48CA8B33C24A /* IBMPlexMono-Regular.ttf */; };
		0428F5A9133B4860BCB79155 /* IBMPlexMono-SemiBold.ttf in Resources */ = {isa = PBXBuildFile; fileRef = 835BE04B5BBD4F4884A65C67 /* IBMPlexMono-SemiBold.ttf */; };
		1223EF652226491DBA6A9172 /* IBMPlexMono-SemiBoldItalic.ttf in Resources */ = {isa = PBXBuildFile; fileRef = 2888258B5E94488F98234183 /* IBMPlexMono-SemiBoldItalic.ttf */; };
		4401212F45954C73AAF7B25F /* IBMPlexMono-Thin.ttf in Resources */ = {isa = PBXBuildFile; fileRef = 0463958A560E4CA5953BE205 /* IBMPlexMono-Thin.ttf */; };
		C89D798BC20E453A91E279A9 /* IBMPlexMono-ThinItalic.ttf in Resources */ = {isa = PBXBuildFile; fileRef = FD8A8BFEFEE84D558FFDFC69 /* IBMPlexMono-ThinItalic.ttf */; };
		2EC9FF0B0F274C2A9F3B31BE /* OFL.txt in Resources */ = {isa = PBXBuildFile; fileRef = F110956890494EBE9EE46AA5 /* OFL.txt */; };
/* End PBXBuildFile section */

/* Begin PBXContainerItemProxy section */
		00E356F41AD99517003FC87E /* PBXContainerItemProxy */ = {
			isa = PBXContainerItemProxy;
			containerPortal = 83CBB9F71A601CBA00E9B192 /* Project object */;
			proxyType = 1;
			remoteGlobalIDString = 13B07F861A680F5B00A75B9A;
			remoteInfo = streakk;
		};
/* End PBXContainerItemProxy section */

/* Begin PBXFileReference section */
		00E356EE1AD99517003FC87E /* streakkTests.xctest */ = {isa = PBXFileReference; explicitFileType = wrapper.cfbundle; includeInIndex = 0; path = streakkTests.xctest; sourceTree = BUILT_PRODUCTS_DIR; };
		00E356F11AD99517003FC87E /* Info.plist */ = {isa = PBXFileReference; lastKnownFileType = text.plist.xml; path = Info.plist; sourceTree = "<group>"; };
		00E356F21AD99517003FC87E /* streakkTests.m */ = {isa = PBXFileReference; lastKnownFileType = sourcecode.c.objc; path = streakkTests.m; sourceTree = "<group>"; };
		13B07F961A680F5B00A75B9A /* streakk.app */ = {isa = PBXFileReference; explicitFileType = wrapper.application; includeInIndex = 0; path = streakk.app; sourceTree = BUILT_PRODUCTS_DIR; };
		13B07FAF1A68108700A75B9A /* AppDelegate.h */ = {isa = PBXFileReference; fileEncoding = 4; lastKnownFileType = sourcecode.c.h; name = AppDelegate.h; path = streakk/AppDelegate.h; sourceTree = "<group>"; };
		13B07FB01A68108700A75B9A /* AppDelegate.mm */ = {isa = PBXFileReference; fileEncoding = 4; lastKnownFileType = sourcecode.cpp.objcpp; name = AppDelegate.mm; path = streakk/AppDelegate.mm; sourceTree = "<group>"; };
		13B07FB51A68108700A75B9A /* Images.xcassets */ = {isa = PBXFileReference; lastKnownFileType = folder.assetcatalog; name = Images.xcassets; path = streakk/Images.xcassets; sourceTree = "<group>"; };
		13B07FB61A68108700A75B9A /* Info.plist */ = {isa = PBXFileReference; fileEncoding = 4; lastKnownFileType = text.plist.xml; name = Info.plist; path = streakk/Info.plist; sourceTree = "<group>"; };
		13B07FB71A68108700A75B9A /* main.m */ = {isa = PBXFileReference; fileEncoding = 4; lastKnownFileType = sourcecode.c.objc; name = main.m; path = streakk/main.m; sourceTree = "<group>"; };
		19F6CBCC0A4E27FBF8BF4A61 /* libPods-streakk-streakkTests.a */ = {isa = PBXFileReference; explicitFileType = archive.ar; includeInIndex = 0; path = "libPods-streakk-streakkTests.a"; sourceTree = BUILT_PRODUCTS_DIR; };
		3B4392A12AC88292D35C810B /* Pods-streakk.debug.xcconfig */ = {isa = PBXFileReference; includeInIndex = 1; lastKnownFileType = text.xcconfig; name = "Pods-streakk.debug.xcconfig"; path = "Target Support Files/Pods-streakk/Pods-streakk.debug.xcconfig"; sourceTree = "<group>"; };
		5709B34CF0A7D63546082F79 /* Pods-streakk.release.xcconfig */ = {isa = PBXFileReference; includeInIndex = 1; lastKnownFileType = text.xcconfig; name = "Pods-streakk.release.xcconfig"; path = "Target Support Files/Pods-streakk/Pods-streakk.release.xcconfig"; sourceTree = "<group>"; };
		5B7EB9410499542E8C5724F5 /* Pods-streakk-streakkTests.debug.xcconfig */ = {isa = PBXFileReference; includeInIndex = 1; lastKnownFileType = text.xcconfig; name = "Pods-streakk-streakkTests.debug.xcconfig"; path = "Target Support Files/Pods-streakk-streakkTests/Pods-streakk-streakkTests.debug.xcconfig"; sourceTree = "<group>"; };
		5DCACB8F33CDC322A6C60F78 /* libPods-streakk.a */ = {isa = PBXFileReference; explicitFileType = archive.ar; includeInIndex = 0; path = "libPods-streakk.a"; sourceTree = BUILT_PRODUCTS_DIR; };
		81AB9BB72411601600AC10FF /* LaunchScreen.storyboard */ = {isa = PBXFileReference; fileEncoding = 4; lastKnownFileType = file.storyboard; name = LaunchScreen.storyboard; path = streakk/LaunchScreen.storyboard; sourceTree = "<group>"; };
		89C6BE57DB24E9ADA2F236DE /* Pods-streakk-streakkTests.release.xcconfig */ = {isa = PBXFileReference; includeInIndex = 1; lastKnownFileType = text.xcconfig; name = "Pods-streakk-streakkTests.release.xcconfig"; path = "Target Support Files/Pods-streakk-streakkTests/Pods-streakk-streakkTests.release.xcconfig"; sourceTree = "<group>"; };
		ED297162215061F000B7C4FE /* JavaScriptCore.framework */ = {isa = PBXFileReference; lastKnownFileType = wrapper.framework; name = JavaScriptCore.framework; path = System/Library/Frameworks/JavaScriptCore.framework; sourceTree = SDKROOT; };
		C5F63EE21E8B491F90FC57A2 /* Barlow-Black.ttf */ = {isa = PBXFileReference; name = "Barlow-Black.ttf"; path = "../assets/fonts/Barlow-Black.ttf"; sourceTree = "<group>"; fileEncoding = undefined; lastKnownFileType = unknown; explicitFileType = undefined; includeInIndex = 0; };
		D103EBAF424E4377ABA834A7 /* Barlow-BlackItalic.ttf */ = {isa = PBXFileReference; name = "Barlow-BlackItalic.ttf"; path = "../assets/fonts/Barlow-BlackItalic.ttf"; sourceTree = "<group>"; fileEncoding = undefined; lastKnownFileType = unknown; explicitFileType = undefined; includeInIndex = 0; };
		C1C384C1FDB4481D80CC4652 /* Barlow-Bold.ttf */ = {isa = PBXFileReference; name = "Barlow-Bold.ttf"; path = "../assets/fonts/Barlow-Bold.ttf"; sourceTree = "<group>"; fileEncoding = undefined; lastKnownFileType = unknown; explicitFileType = undefined; includeInIndex = 0; };
		64136D948E9C41A49B6C2A4C /* Barlow-BoldItalic.ttf */ = {isa = PBXFileReference; name = "Barlow-BoldItalic.ttf"; path = "../assets/fonts/Barlow-BoldItalic.ttf"; sourceTree = "<group>"; fileEncoding = undefined; lastKnownFileType = unknown; explicitFileType = undefined; includeInIndex = 0; };
		232C453C69ED42BBBC1D9269 /* Barlow-ExtraBold.ttf */ = {isa = PBXFileReference; name = "Barlow-ExtraBold.ttf"; path = "../assets/fonts/Barlow-ExtraBold.ttf"; sourceTree = "<group>"; fileEncoding = undefined; lastKnownFileType = unknown; explicitFileType = undefined; includeInIndex = 0; };
		440816503AF544A989FE451C /* Barlow-ExtraBoldItalic.ttf */ = {isa = PBXFileReference; name = "Barlow-ExtraBoldItalic.ttf"; path = "../assets/fonts/Barlow-ExtraBoldItalic.ttf"; sourceTree = "<group>"; fileEncoding = undefined; lastKnownFileType = unknown; explicitFileType = undefined; includeInIndex = 0; };
		6C28085146D84CCA8CF48E70 /* Barlow-ExtraLight.ttf */ = {isa = PBXFileReference; name = "Barlow-ExtraLight.ttf"; path = "../assets/fonts/Barlow-ExtraLight.ttf"; sourceTree = "<group>"; fileEncoding = undefined; lastKnownFileType = unknown; explicitFileType = undefined; includeInIndex = 0; };
		656DC661B89147B5B6C93AB8 /* Barlow-ExtraLightItalic.ttf */ = {isa = PBXFileReference; name = "Barlow-ExtraLightItalic.ttf"; path = "../assets/fonts/Barlow-ExtraLightItalic.ttf"; sourceTree = "<group>"; fileEncoding = undefined; lastKnownFileType = unknown; explicitFileType = undefined; includeInIndex = 0; };
		7D838A9D1E694144B8BF1361 /* Barlow-Italic.ttf */ = {isa = PBXFileReference; name = "Barlow-Italic.ttf"; path = "../assets/fonts/Barlow-Italic.ttf"; sourceTree = "<group>"; fileEncoding = undefined; lastKnownFileType = unknown; explicitFileType = undefined; includeInIndex = 0; };
		B0B718BAF6DE475C893B69AF /* Barlow-Light.ttf */ = {isa = PBXFileReference; name = "Barlow-Light.ttf"; path = "../assets/fonts/Barlow-Light.ttf"; sourceTree = "<group>"; fileEncoding = undefined; lastKnownFileType = unknown; explicitFileType = undefined; includeInIndex = 0; };
		FDB77323B6184DEB839B89C9 /* Barlow-LightItalic.ttf */ = {isa = PBXFileReference; name = "Barlow-LightItalic.ttf"; path = "../assets/fonts/Barlow-LightItalic.ttf"; sourceTree = "<group>"; fileEncoding = undefined; lastKnownFileType = unknown; explicitFileType = undefined; includeInIndex = 0; };
		0C53A9E1A6A84CAFA23B8A79 /* Barlow-Medium.ttf */ = {isa = PBXFileReference; name = "Barlow-Medium.ttf"; path = "../assets/fonts/Barlow-Medium.ttf"; sourceTree = "<group>"; fileEncoding = undefined; lastKnownFileType = unknown; explicitFileType = undefined; includeInIndex = 0; };
		1AAE3B0F8360424F8A3F743D /* Barlow-MediumItalic.ttf */ = {isa = PBXFileReference; name = "Barlow-MediumItalic.ttf"; path = "../assets/fonts/Barlow-MediumItalic.ttf"; sourceTree = "<group>"; fileEncoding = undefined; lastKnownFileType = unknown; explicitFileType = undefined; includeInIndex = 0; };
		5F3FB3C91AFE4C2C9E2A7049 /* Barlow-Regular.ttf */ = {isa = PBXFileReference; name = "Barlow-Regular.ttf"; path = "../assets/fonts/Barlow-Regular.ttf"; sourceTree = "<group>"; fileEncoding = undefined; lastKnownFileType = unknown; explicitFileType = undefined; includeInIndex = 0; };
		D4CEF03D6C0B4ECDB93013A9 /* Barlow-SemiBold.ttf */ = {isa = PBXFileReference; name = "Barlow-SemiBold.ttf"; path = "../assets/fonts/Barlow-SemiBold.ttf"; sourceTree = "<group>"; fileEncoding = undefined; lastKnownFileType = unknown; explicitFileType = undefined; includeInIndex = 0; };
		D75EB18F98D14A79A59EF765 /* Barlow-SemiBoldItalic.ttf */ = {isa = PBXFileReference; name = "Barlow-SemiBoldItalic.ttf"; path = "../assets/fonts/Barlow-SemiBoldItalic.ttf"; sourceTree = "<group>"; fileEncoding = undefined; lastKnownFileType = unknown; explicitFileType = undefined; includeInIndex = 0; };
		A6F524AC57EC4B83AE7804F2 /* Barlow-Thin.ttf */ = {isa = PBXFileReference; name = "Barlow-Thin.ttf"; path = "../assets/fonts/Barlow-Thin.ttf"; sourceTree = "<group>"; fileEncoding = undefined; lastKnownFileType = unknown; explicitFileType = undefined; includeInIndex = 0; };
		35DC0F0CDE7E4C1E8A9D8795 /* Barlow-ThinItalic.ttf */ = {isa = PBXFileReference; name = "Barlow-ThinItalic.ttf"; path = "../assets/fonts/Barlow-ThinItalic.ttf"; sourceTree = "<group>"; fileEncoding = undefined; lastKnownFileType = unknown; explicitFileType = undefined; includeInIndex = 0; };
		B5E4D8032C0B411D9B1C4921 /* IBMPlexMono-Bold.ttf */ = {isa = PBXFileReference; name = "IBMPlexMono-Bold.ttf"; path = "../assets/fonts/IBMPlexMono-Bold.ttf"; sourceTree = "<group>"; fileEncoding = undefined; lastKnownFileType = unknown; explicitFileType = undefined; includeInIndex = 0; };
		9DE96C42944B4F16AA3B0198 /* IBMPlexMono-BoldItalic.ttf */ = {isa = PBXFileReference; name = "IBMPlexMono-BoldItalic.ttf"; path = "../assets/fonts/IBMPlexMono-BoldItalic.ttf"; sourceTree = "<group>"; fileEncoding = undefined; lastKnownFileType = unknown; explicitFileType = undefined; includeInIndex = 0; };
		D29186270D4040159CC28CAC /* IBMPlexMono-ExtraLight.ttf */ = {isa = PBXFileReference; name = "IBMPlexMono-ExtraLight.ttf"; path = "../assets/fonts/IBMPlexMono-ExtraLight.ttf"; sourceTree = "<group>"; fileEncoding = undefined; lastKnownFileType = unknown; explicitFileType = undefined; includeInIndex = 0; };
		D265B0BA6FDB4E9CA15E7EAC /* IBMPlexMono-ExtraLightItalic.ttf */ = {isa = PBXFileReference; name = "IBMPlexMono-ExtraLightItalic.ttf"; path = "../assets/fonts/IBMPlexMono-ExtraLightItalic.ttf"; sourceTree = "<group>"; fileEncoding = undefined; lastKnownFileType = unknown; explicitFileType = undefined; includeInIndex = 0; };
		B4FEE92C74614CCE9D8F4813 /* IBMPlexMono-Italic.ttf */ = {isa = PBXFileReference; name = "IBMPlexMono-Italic.ttf"; path = "../assets/fonts/IBMPlexMono-Italic.ttf"; sourceTree = "<group>"; fileEncoding = undefined; lastKnownFileType = unknown; explicitFileType = undefined; includeInIndex = 0; };
		2DC1F9B08F524033A3F057B4 /* IBMPlexMono-Light.ttf */ = {isa = PBXFileReference; name = "IBMPlexMono-Light.ttf"; path = "../assets/fonts/IBMPlexMono-Light.ttf"; sourceTree = "<group>"; fileEncoding = undefined; lastKnownFileType = unknown; explicitFileType = undefined; includeInIndex = 0; };
		4DF98EDFB1BB4F1B95787271 /* IBMPlexMono-LightItalic.ttf */ = {isa = PBXFileReference; name = "IBMPlexMono-LightItalic.ttf"; path = "../assets/fonts/IBMPlexMono-LightItalic.ttf"; sourceTree = "<group>"; fileEncoding = undefined; lastKnownFileType = unknown; explicitFileType = undefined; includeInIndex = 0; };
		454D26F9D6734CB1BCD40C26 /* IBMPlexMono-Medium.ttf */ = {isa = PBXFileReference; name = "IBMPlexMono-Medium.ttf"; path = "../assets/fonts/IBMPlexMono-Medium.ttf"; sourceTree = "<group>"; fileEncoding = undefined; lastKnownFileType = unknown; explicitFileType = undefined; includeInIndex = 0; };
		59AF019B511B422099B97380 /* IBMPlexMono-MediumItalic.ttf */ = {isa = PBXFileReference; name = "IBMPlexMono-MediumItalic.ttf"; path = "../assets/fonts/IBMPlexMono-MediumItalic.ttf"; sourceTree = "<group>"; fileEncoding = undefined; lastKnownFileType = unknown; explicitFileType = undefined; includeInIndex = 0; };
		72FD578AEF2D48CA8B33C24A /* IBMPlexMono-Regular.ttf */ = {isa = PBXFileReference; name = "IBMPlexMono-Regular.ttf"; path = "../assets/fonts/IBMPlexMono-Regular.ttf"; sourceTree = "<group>"; fileEncoding = undefined; lastKnownFileType = unknown; explicitFileType = undefined; includeInIndex = 0; };
		835BE04B5BBD4F4884A65C67 /* IBMPlexMono-SemiBold.ttf */ = {isa = PBXFileReference; name = "IBMPlexMono-SemiBold.ttf"; path = "../assets/fonts/IBMPlexMono-SemiBold.ttf"; sourceTree = "<group>"; fileEncoding = undefined; lastKnownFileType = unknown; explicitFileType = undefined; includeInIndex = 0; };
		2888258B5E94488F98234183 /* IBMPlexMono-SemiBoldItalic.ttf */ = {isa = PBXFileReference; name = "IBMPlexMono-SemiBoldItalic.ttf"; path = "../assets/fonts/IBMPlexMono-SemiBoldItalic.ttf"; sourceTree = "<group>"; fileEncoding = undefined; lastKnownFileType = unknown; explicitFileType = undefined; includeInIndex = 0; };
		0463958A560E4CA5953BE205 /* IBMPlexMono-Thin.ttf */ = {isa = PBXFileReference; name = "IBMPlexMono-Thin.ttf"; path = "../assets/fonts/IBMPlexMono-Thin.ttf"; sourceTree = "<group>"; fileEncoding = undefined; lastKnownFileType = unknown; explicitFileType = undefined; includeInIndex = 0; };
		FD8A8BFEFEE84D558FFDFC69 /* IBMPlexMono-ThinItalic.ttf */ = {isa = PBXFileReference; name = "IBMPlexMono-ThinItalic.ttf"; path = "../assets/fonts/IBMPlexMono-ThinItalic.ttf"; sourceTree = "<group>"; fileEncoding = undefined; lastKnownFileType = unknown; explicitFileType = undefined; includeInIndex = 0; };
		F110956890494EBE9EE46AA5 /* OFL.txt */ = {isa = PBXFileReference; name = "OFL.txt"; path = "../assets/fonts/OFL.txt"; sourceTree = "<group>"; fileEncoding = undefined; lastKnownFileType = unknown; explicitFileType = undefined; includeInIndex = 0; };
/* End PBXFileReference section */

/* Begin PBXFrameworksBuildPhase section */
		00E356EB1AD99517003FC87E /* Frameworks */ = {
			isa = PBXFrameworksBuildPhase;
			buildActionMask = 2147483647;
			files = (
				7699B88040F8A987B510C191 /* libPods-streakk-streakkTests.a in Frameworks */,
			);
			runOnlyForDeploymentPostprocessing = 0;
		};
		13B07F8C1A680F5B00A75B9A /* Frameworks */ = {
			isa = PBXFrameworksBuildPhase;
			buildActionMask = 2147483647;
			files = (
				0C80B921A6F3F58F76C31292 /* libPods-streakk.a in Frameworks */,
			);
			runOnlyForDeploymentPostprocessing = 0;
		};
/* End PBXFrameworksBuildPhase section */

/* Begin PBXGroup section */
		00E356EF1AD99517003FC87E /* streakkTests */ = {
			isa = PBXGroup;
			children = (
				00E356F21AD99517003FC87E /* streakkTests.m */,
				00E356F01AD99517003FC87E /* Supporting Files */,
			);
			path = streakkTests;
			sourceTree = "<group>";
		};
		00E356F01AD99517003FC87E /* Supporting Files */ = {
			isa = PBXGroup;
			children = (
				00E356F11AD99517003FC87E /* Info.plist */,
			);
			name = "Supporting Files";
			sourceTree = "<group>";
		};
		13B07FAE1A68108700A75B9A /* streakk */ = {
			isa = PBXGroup;
			children = (
				13B07FAF1A68108700A75B9A /* AppDelegate.h */,
				13B07FB01A68108700A75B9A /* AppDelegate.mm */,
				13B07FB51A68108700A75B9A /* Images.xcassets */,
				13B07FB61A68108700A75B9A /* Info.plist */,
				81AB9BB72411601600AC10FF /* LaunchScreen.storyboard */,
				13B07FB71A68108700A75B9A /* main.m */,
			);
			name = streakk;
			sourceTree = "<group>";
		};
		2D16E6871FA4F8E400B85C8A /* Frameworks */ = {
			isa = PBXGroup;
			children = (
				ED297162215061F000B7C4FE /* JavaScriptCore.framework */,
				5DCACB8F33CDC322A6C60F78 /* libPods-streakk.a */,
				19F6CBCC0A4E27FBF8BF4A61 /* libPods-streakk-streakkTests.a */,
			);
			name = Frameworks;
			sourceTree = "<group>";
		};
		832341AE1AAA6A7D00B99B32 /* Libraries */ = {
			isa = PBXGroup;
			children = (
			);
			name = Libraries;
			sourceTree = "<group>";
		};
		83CBB9F61A601CBA00E9B192 = {
			isa = PBXGroup;
			children = (
				13B07FAE1A68108700A75B9A /* streakk */,
				832341AE1AAA6A7D00B99B32 /* Libraries */,
				00E356EF1AD99517003FC87E /* streakkTests */,
				83CBBA001A601CBA00E9B192 /* Products */,
				2D16E6871FA4F8E400B85C8A /* Frameworks */,
				BBD78D7AC51CEA395F1C20DB /* Pods */,
				39A591329BAC4332BF22441A /* Resources */,
			);
			indentWidth = 2;
			sourceTree = "<group>";
			tabWidth = 2;
			usesTabs = 0;
		};
		83CBBA001A601CBA00E9B192 /* Products */ = {
			isa = PBXGroup;
			children = (
				13B07F961A680F5B00A75B9A /* streakk.app */,
				00E356EE1AD99517003FC87E /* streakkTests.xctest */,
			);
			name = Products;
			sourceTree = "<group>";
		};
		BBD78D7AC51CEA395F1C20DB /* Pods */ = {
			isa = PBXGroup;
			children = (
				3B4392A12AC88292D35C810B /* Pods-streakk.debug.xcconfig */,
				5709B34CF0A7D63546082F79 /* Pods-streakk.release.xcconfig */,
				5B7EB9410499542E8C5724F5 /* Pods-streakk-streakkTests.debug.xcconfig */,
				89C6BE57DB24E9ADA2F236DE /* Pods-streakk-streakkTests.release.xcconfig */,
			);
			path = Pods;
			sourceTree = "<group>";
		};
		39A591329BAC4332BF22441A /* Resources */ = {
			isa = "PBXGroup";
			children = (
				C5F63EE21E8B491F90FC57A2 /* Barlow-Black.ttf */,
				D103EBAF424E4377ABA834A7 /* Barlow-BlackItalic.ttf */,
				C1C384C1FDB4481D80CC4652 /* Barlow-Bold.ttf */,
				64136D948E9C41A49B6C2A4C /* Barlow-BoldItalic.ttf */,
				232C453C69ED42BBBC1D9269 /* Barlow-ExtraBold.ttf */,
				440816503AF544A989FE451C /* Barlow-ExtraBoldItalic.ttf */,
				6C28085146D84CCA8CF48E70 /* Barlow-ExtraLight.ttf */,
				656DC661B89147B5B6C93AB8 /* Barlow-ExtraLightItalic.ttf */,
				7D838A9D1E694144B8BF1361 /* Barlow-Italic.ttf */,
				B0B718BAF6DE475C893B69AF /* Barlow-Light.ttf */,
				FDB77323B6184DEB839B89C9 /* Barlow-LightItalic.ttf */,
				0C53A9E1A6A84CAFA23B8A79 /* Barlow-Medium.ttf */,
				1AAE3B0F8360424F8A3F743D /* Barlow-MediumItalic.ttf */,
				5F3FB3C91AFE4C2C9E2A7049 /* Barlow-Regular.ttf */,
				D4CEF03D6C0B4ECDB93013A9 /* Barlow-SemiBold.ttf */,
				D75EB18F98D14A79A59EF765 /* Barlow-SemiBoldItalic.ttf */,
				A6F524AC57EC4B83AE7804F2 /* Barlow-Thin.ttf */,
				35DC0F0CDE7E4C1E8A9D8795 /* Barlow-ThinItalic.ttf */,
				B5E4D8032C0B411D9B1C4921 /* IBMPlexMono-Bold.ttf */,
				9DE96C42944B4F16AA3B0198 /* IBMPlexMono-BoldItalic.ttf */,
				D29186270D4040159CC28CAC /* IBMPlexMono-ExtraLight.ttf */,
				D265B0BA6FDB4E9CA15E7EAC /* IBMPlexMono-ExtraLightItalic.ttf */,
				B4FEE92C74614CCE9D8F4813 /* IBMPlexMono-Italic.ttf */,
				2DC1F9B08F524033A3F057B4 /* IBMPlexMono-Light.ttf */,
				4DF98EDFB1BB4F1B95787271 /* IBMPlexMono-LightItalic.ttf */,
				454D26F9D6734CB1BCD40C26 /* IBMPlexMono-Medium.ttf */,
				59AF019B511B422099B97380 /* IBMPlexMono-MediumItalic.ttf */,
				72FD578AEF2D48CA8B33C24A /* IBMPlexMono-Regular.ttf */,
				835BE04B5BBD4F4884A65C67 /* IBMPlexMono-SemiBold.ttf */,
				2888258B5E94488F98234183 /* IBMPlexMono-SemiBoldItalic.ttf */,
				0463958A560E4CA5953BE205 /* IBMPlexMono-Thin.ttf */,
				FD8A8BFEFEE84D558FFDFC69 /* IBMPlexMono-ThinItalic.ttf */,
				F110956890494EBE9EE46AA5 /* OFL.txt */,
			);
			name = Resources;
			sourceTree = "<group>";
			path = "";
		};
/* End PBXGroup section */

/* Begin PBXNativeTarget section */
		00E356ED1AD99517003FC87E /* streakkTests */ = {
			isa = PBXNativeTarget;
			buildConfigurationList = 00E357021AD99517003FC87E /* Build configuration list for PBXNativeTarget "streakkTests" */;
			buildPhases = (
				A55EABD7B0C7F3A422A6CC61 /* [CP] Check Pods Manifest.lock */,
				00E356EA1AD99517003FC87E /* Sources */,
				00E356EB1AD99517003FC87E /* Frameworks */,
				00E356EC1AD99517003FC87E /* Resources */,
				C59DA0FBD6956966B86A3779 /* [CP] Embed Pods Frameworks */,
				F6A41C54EA430FDDC6A6ED99 /* [CP] Copy Pods Resources */,
			);
			buildRules = (
			);
			dependencies = (
				00E356F51AD99517003FC87E /* PBXTargetDependency */,
			);
			name = streakkTests;
			productName = streakkTests;
			productReference = 00E356EE1AD99517003FC87E /* streakkTests.xctest */;
			productType = "com.apple.product-type.bundle.unit-test";
		};
		13B07F861A680F5B00A75B9A /* streakk */ = {
			isa = PBXNativeTarget;
			buildConfigurationList = 13B07F931A680F5B00A75B9A /* Build configuration list for PBXNativeTarget "streakk" */;
			buildPhases = (
				C38B50BA6285516D6DCD4F65 /* [CP] Check Pods Manifest.lock */,
				FD10A7F022414F080027D42C /* Start Packager */,
				13B07F871A680F5B00A75B9A /* Sources */,
				13B07F8C1A680F5B00A75B9A /* Frameworks */,
				13B07F8E1A680F5B00A75B9A /* Resources */,
				00DD1BFF1BD5951E006B06BC /* Bundle React Native code and images */,
				00EEFC60759A1932668264C0 /* [CP] Embed Pods Frameworks */,
				E235C05ADACE081382539298 /* [CP] Copy Pods Resources */,
			);
			buildRules = (
			);
			dependencies = (
			);
			name = streakk;
			productName = streakk;
			productReference = 13B07F961A680F5B00A75B9A /* streakk.app */;
			productType = "com.apple.product-type.application";
		};
/* End PBXNativeTarget section */

/* Begin PBXProject section */
		83CBB9F71A601CBA00E9B192 /* Project object */ = {
			isa = PBXProject;
			attributes = {
				LastUpgradeCheck = 1210;
				TargetAttributes = {
					00E356ED1AD99517003FC87E = {
						CreatedOnToolsVersion = 6.2;
						TestTargetID = 13B07F861A680F5B00A75B9A;
					};
					13B07F861A680F5B00A75B9A = {
						LastSwiftMigration = 1120;
					};
				};
			};
			buildConfigurationList = 83CBB9FA1A601CBA00E9B192 /* Build configuration list for PBXProject "streakk" */;
			compatibilityVersion = "Xcode 12.0";
			developmentRegion = en;
			hasScannedForEncodings = 0;
			knownRegions = (
				en,
				Base,
			);
			mainGroup = 83CBB9F61A601CBA00E9B192;
			productRefGroup = 83CBBA001A601CBA00E9B192 /* Products */;
			projectDirPath = "";
			projectRoot = "";
			targets = (
				13B07F861A680F5B00A75B9A /* streakk */,
				00E356ED1AD99517003FC87E /* streakkTests */,
			);
		};
/* End PBXProject section */

/* Begin PBXResourcesBuildPhase section */
		00E356EC1AD99517003FC87E /* Resources */ = {
			isa = PBXResourcesBuildPhase;
			buildActionMask = 2147483647;
			files = (
			);
			runOnlyForDeploymentPostprocessing = 0;
		};
		13B07F8E1A680F5B00A75B9A /* Resources */ = {
			isa = PBXResourcesBuildPhase;
			buildActionMask = 2147483647;
			files = (
				81AB9BB82411601600AC10FF /* LaunchScreen.storyboard in Resources */,
				13B07FBF1A68108700A75B9A /* Images.xcassets in Resources */,
				EE16E4B41EFF4C029CCC7124 /* Barlow-Black.ttf in Resources */,
				66517A1CBBEA470C875C0FF4 /* Barlow-BlackItalic.ttf in Resources */,
				AFB5747F0F904D8199780C36 /* Barlow-Bold.ttf in Resources */,
				403A81D7B55740F18901063A /* Barlow-BoldItalic.ttf in Resources */,
				95B019D84B2443288CF1529C /* Barlow-ExtraBold.ttf in Resources */,
				A4A1AAEC8C7B4A25AC68836C /* Barlow-ExtraBoldItalic.ttf in Resources */,
				52393F2908594D1985A5906D /* Barlow-ExtraLight.ttf in Resources */,
				5E1F8AE968DF403EB60B933D /* Barlow-ExtraLightItalic.ttf in Resources */,
				DB10A840ECA549E0A4E2B1A3 /* Barlow-Italic.ttf in Resources */,
				A72F0CA2149A436B89A5DBB1 /* Barlow-Light.ttf in Resources */,
				CFFA414D4B98413EA0A5507A /* Barlow-LightItalic.ttf in Resources */,
				09735DA627134265B29A1E85 /* Barlow-Medium.ttf in Resources */,
				5374D210BFE84E36A23D5F1E /* Barlow-MediumItalic.ttf in Resources */,
				19F2486641C34356A5D2B6A5 /* Barlow-Regular.ttf in Resources */,
				18863B3EEB9444DFAFEAD3C4 /* Barlow-SemiBold.ttf in Resources */,
				5928F453AA9D4FBAB73430D5 /* Barlow-SemiBoldItalic.ttf in Resources */,
				89C8B300E7E4446480CE8B4F /* Barlow-Thin.ttf in Resources */,
				3D3324FFE47442089DC77E96 /* Barlow-ThinItalic.ttf in Resources */,
				2985F8F8C34D46068A14179D /* IBMPlexMono-Bold.ttf in Resources */,
				FD361B36F67149AA89FB85B2 /* IBMPlexMono-BoldItalic.ttf in Resources */,
				0AFF2CA56D734BD281765DBD /* IBMPlexMono-ExtraLight.ttf in Resources */,
				033C8B23E2AB48DCB3CAD866 /* IBMPlexMono-ExtraLightItalic.ttf in Resources */,
				74F886202FD348CA9D9766F4 /* IBMPlexMono-Italic.ttf in Resources */,
				C1BFAF197C5A4CDE987A383F /* IBMPlexMono-Light.ttf in Resources */,
				19F5C467B7FF4C7B96AD3812 /* IBMPlexMono-LightItalic.ttf in Resources */,
				AB62C9CECF24406EB35FCDCF /* IBMPlexMono-Medium.ttf in Resources */,
				DC88DC645A8E4AF8ADC2B0D6 /* IBMPlexMono-MediumItalic.ttf in Resources */,
				FA675638385C4DD29BFEF3AD /* IBMPlexMono-Regular.ttf in Resources */,
				0428F5A9133B4860BCB79155 /* IBMPlexMono-SemiBold.ttf in Resources */,
				1223EF652226491DBA6A9172 /* IBMPlexMono-SemiBoldItalic.ttf in Resources */,
				4401212F45954C73AAF7B25F /* IBMPlexMono-Thin.ttf in Resources */,
				C89D798BC20E453A91E279A9 /* IBMPlexMono-ThinItalic.ttf in Resources */,
				2EC9FF0B0F274C2A9F3B31BE /* OFL.txt in Resources */,
			);
			runOnlyForDeploymentPostprocessing = 0;
		};
/* End PBXResourcesBuildPhase section */

/* Begin PBXShellScriptBuildPhase section */
		00DD1BFF1BD5951E006B06BC /* Bundle React Native code and images */ = {
			isa = PBXShellScriptBuildPhase;
			buildActionMask = 2147483647;
			files = (
			);
			inputPaths = (
				"$(SRCROOT)/.xcode.env.local",
				"$(SRCROOT)/.xcode.env",
			);
			name = "Bundle React Native code and images";
			outputPaths = (
			);
			runOnlyForDeploymentPostprocessing = 0;
			shellPath = /bin/sh;
			shellScript = "set -e\n\nWITH_ENVIRONMENT=\"../node_modules/react-native/scripts/xcode/with-environment.sh\"\nREACT_NATIVE_XCODE=\"../node_modules/react-native/scripts/react-native-xcode.sh\"\n\n/bin/sh -c \"$WITH_ENVIRONMENT $REACT_NATIVE_XCODE\"\n";
		};
		00EEFC60759A1932668264C0 /* [CP] Embed Pods Frameworks */ = {
			isa = PBXShellScriptBuildPhase;
			buildActionMask = 2147483647;
			files = (
			);
			inputFileListPaths = (
				"${PODS_ROOT}/Target Support Files/Pods-streakk/Pods-streakk-frameworks-${CONFIGURATION}-input-files.xcfilelist",
			);
			name = "[CP] Embed Pods Frameworks";
			outputFileListPaths = (
				"${PODS_ROOT}/Target Support Files/Pods-streakk/Pods-streakk-frameworks-${CONFIGURATION}-output-files.xcfilelist",
			);
			runOnlyForDeploymentPostprocessing = 0;
			shellPath = /bin/sh;
			shellScript = "\"${PODS_ROOT}/Target Support Files/Pods-streakk/Pods-streakk-frameworks.sh\"\n";
			showEnvVarsInLog = 0;
		};
		A55EABD7B0C7F3A422A6CC61 /* [CP] Check Pods Manifest.lock */ = {
			isa = PBXShellScriptBuildPhase;
			buildActionMask = 2147483647;
			files = (
			);
			inputFileListPaths = (
			);
			inputPaths = (
				"${PODS_PODFILE_DIR_PATH}/Podfile.lock",
				"${PODS_ROOT}/Manifest.lock",
			);
			name = "[CP] Check Pods Manifest.lock";
			outputFileListPaths = (
			);
			outputPaths = (
				"$(DERIVED_FILE_DIR)/Pods-streakk-streakkTests-checkManifestLockResult.txt",
			);
			runOnlyForDeploymentPostprocessing = 0;
			shellPath = /bin/sh;
			shellScript = "diff \"${PODS_PODFILE_DIR_PATH}/Podfile.lock\" \"${PODS_ROOT}/Manifest.lock\" > /dev/null\nif [ $? != 0 ] ; then\n    # print error to STDERR\n    echo \"error: The sandbox is not in sync with the Podfile.lock. Run 'pod install' or update your CocoaPods installation.\" >&2\n    exit 1\nfi\n# This output is used by Xcode 'outputs' to avoid re-running this script phase.\necho \"SUCCESS\" > \"${SCRIPT_OUTPUT_FILE_0}\"\n";
			showEnvVarsInLog = 0;
		};
		C38B50BA6285516D6DCD4F65 /* [CP] Check Pods Manifest.lock */ = {
			isa = PBXShellScriptBuildPhase;
			buildActionMask = 2147483647;
			files = (
			);
			inputFileListPaths = (
			);
			inputPaths = (
				"${PODS_PODFILE_DIR_PATH}/Podfile.lock",
				"${PODS_ROOT}/Manifest.lock",
			);
			name = "[CP] Check Pods Manifest.lock";
			outputFileListPaths = (
			);
			outputPaths = (
				"$(DERIVED_FILE_DIR)/Pods-streakk-checkManifestLockResult.txt",
			);
			runOnlyForDeploymentPostprocessing = 0;
			shellPath = /bin/sh;
			shellScript = "diff \"${PODS_PODFILE_DIR_PATH}/Podfile.lock\" \"${PODS_ROOT}/Manifest.lock\" > /dev/null\nif [ $? != 0 ] ; then\n    # print error to STDERR\n    echo \"error: The sandbox is not in sync with the Podfile.lock. Run 'pod install' or update your CocoaPods installation.\" >&2\n    exit 1\nfi\n# This output is used by Xcode 'outputs' to avoid re-running this script phase.\necho \"SUCCESS\" > \"${SCRIPT_OUTPUT_FILE_0}\"\n";
			showEnvVarsInLog = 0;
		};
		C59DA0FBD6956966B86A3779 /* [CP] Embed Pods Frameworks */ = {
			isa = PBXShellScriptBuildPhase;
			buildActionMask = 2147483647;
			files = (
			);
			inputFileListPaths = (
				"${PODS_ROOT}/Target Support Files/Pods-streakk-streakkTests/Pods-streakk-streakkTests-frameworks-${CONFIGURATION}-input-files.xcfilelist",
			);
			name = "[CP] Embed Pods Frameworks";
			outputFileListPaths = (
				"${PODS_ROOT}/Target Support Files/Pods-streakk-streakkTests/Pods-streakk-streakkTests-frameworks-${CONFIGURATION}-output-files.xcfilelist",
			);
			runOnlyForDeploymentPostprocessing = 0;
			shellPath = /bin/sh;
			shellScript = "\"${PODS_ROOT}/Target Support Files/Pods-streakk-streakkTests/Pods-streakk-streakkTests-frameworks.sh\"\n";
			showEnvVarsInLog = 0;
		};
		E235C05ADACE081382539298 /* [CP] Copy Pods Resources */ = {
			isa = PBXShellScriptBuildPhase;
			buildActionMask = 2147483647;
			files = (
			);
			inputFileListPaths = (
				"${PODS_ROOT}/Target Support Files/Pods-streakk/Pods-streakk-resources-${CONFIGURATION}-input-files.xcfilelist",
			);
			name = "[CP] Copy Pods Resources";
			outputFileListPaths = (
				"${PODS_ROOT}/Target Support Files/Pods-streakk/Pods-streakk-resources-${CONFIGURATION}-output-files.xcfilelist",
			);
			runOnlyForDeploymentPostprocessing = 0;
			shellPath = /bin/sh;
			shellScript = "\"${PODS_ROOT}/Target Support Files/Pods-streakk/Pods-streakk-resources.sh\"\n";
			showEnvVarsInLog = 0;
		};
		F6A41C54EA430FDDC6A6ED99 /* [CP] Copy Pods Resources */ = {
			isa = PBXShellScriptBuildPhase;
			buildActionMask = 2147483647;
			files = (
			);
			inputFileListPaths = (
				"${PODS_ROOT}/Target Support Files/Pods-streakk-streakkTests/Pods-streakk-streakkTests-resources-${CONFIGURATION}-input-files.xcfilelist",
			);
			name = "[CP] Copy Pods Resources";
			outputFileListPaths = (
				"${PODS_ROOT}/Target Support Files/Pods-streakk-streakkTests/Pods-streakk-streakkTests-resources-${CONFIGURATION}-output-files.xcfilelist",
			);
			runOnlyForDeploymentPostprocessing = 0;
			shellPath = /bin/sh;
			shellScript = "\"${PODS_ROOT}/Target Support Files/Pods-streakk-streakkTests/Pods-streakk-streakkTests-resources.sh\"\n";
			showEnvVarsInLog = 0;
		};
		FD10A7F022414F080027D42C /* Start Packager */ = {
			isa = PBXShellScriptBuildPhase;
			buildActionMask = 2147483647;
			files = (
			);
			inputFileListPaths = (
			);
			inputPaths = (
			);
			name = "Start Packager";
			outputFileListPaths = (
			);
			outputPaths = (
			);
			runOnlyForDeploymentPostprocessing = 0;
			shellPath = /bin/sh;
			shellScript = "export RCT_METRO_PORT=\"${RCT_METRO_PORT:=8081}\"\necho \"export RCT_METRO_PORT=${RCT_METRO_PORT}\" > \"${SRCROOT}/../node_modules/react-native/scripts/.packager.env\"\nif [ -z \"${RCT_NO_LAUNCH_PACKAGER+xxx}\" ] ; then\n  if nc -w 5 -z localhost ${RCT_METRO_PORT} ; then\n    if ! curl -s \"http://localhost:${RCT_METRO_PORT}/status\" | grep -q \"packager-status:running\" ; then\n      echo \"Port ${RCT_METRO_PORT} already in use, packager is either not running or not running correctly\"\n      exit 2\n    fi\n  else\n    open \"$SRCROOT/../node_modules/react-native/scripts/launchPackager.command\" || echo \"Can't start packager automatically\"\n  fi\nfi\n";
			showEnvVarsInLog = 0;
		};
/* End PBXShellScriptBuildPhase section */

/* Begin PBXSourcesBuildPhase section */
		00E356EA1AD99517003FC87E /* Sources */ = {
			isa = PBXSourcesBuildPhase;
			buildActionMask = 2147483647;
			files = (
				00E356F31AD99517003FC87E /* streakkTests.m in Sources */,
			);
			runOnlyForDeploymentPostprocessing = 0;
		};
		13B07F871A680F5B00A75B9A /* Sources */ = {
			isa = PBXSourcesBuildPhase;
			buildActionMask = 2147483647;
			files = (
				13B07FBC1A68108700A75B9A /* AppDelegate.mm in Sources */,
				13B07FC11A68108700A75B9A /* main.m in Sources */,
			);
			runOnlyForDeploymentPostprocessing = 0;
		};
/* End PBXSourcesBuildPhase section */

/* Begin PBXTargetDependency section */
		00E356F51AD99517003FC87E /* PBXTargetDependency */ = {
			isa = PBXTargetDependency;
			target = 13B07F861A680F5B00A75B9A /* streakk */;
			targetProxy = 00E356F41AD99517003FC87E /* PBXContainerItemProxy */;
		};
/* End PBXTargetDependency section */

/* Begin XCBuildConfiguration section */
		00E356F61AD99517003FC87E /* Debug */ = {
			isa = XCBuildConfiguration;
			baseConfigurationReference = 5B7EB9410499542E8C5724F5 /* Pods-streakk-streakkTests.debug.xcconfig */;
			buildSettings = {
				BUNDLE_LOADER = "$(TEST_HOST)";
				GCC_PREPROCESSOR_DEFINITIONS = (
					"DEBUG=1",
					"$(inherited)",
				);
				INFOPLIST_FILE = streakkTests/Info.plist;
				IPHONEOS_DEPLOYMENT_TARGET = 12.4;
				LD_RUNPATH_SEARCH_PATHS = (
					"$(inherited)",
					"@executable_path/Frameworks",
					"@loader_path/Frameworks",
				);
				OTHER_LDFLAGS = (
					"-ObjC",
					"-lc++",
					"$(inherited)",
				);
				PRODUCT_BUNDLE_IDENTIFIER = "org.reactjs.native.example.$(PRODUCT_NAME:rfc1034identifier)";
				PRODUCT_NAME = "$(TARGET_NAME)";
				TEST_HOST = "$(BUILT_PRODUCTS_DIR)/streakk.app/streakk";
			};
			name = Debug;
		};
		00E356F71AD99517003FC87E /* Release */ = {
			isa = XCBuildConfiguration;
			baseConfigurationReference = 89C6BE57DB24E9ADA2F236DE /* Pods-streakk-streakkTests.release.xcconfig */;
			buildSettings = {
				BUNDLE_LOADER = "$(TEST_HOST)";
				COPY_PHASE_STRIP = NO;
				INFOPLIST_FILE = streakkTests/Info.plist;
				IPHONEOS_DEPLOYMENT_TARGET = 12.4;
				LD_RUNPATH_SEARCH_PATHS = (
					"$(inherited)",
					"@executable_path/Frameworks",
					"@loader_path/Frameworks",
				);
				OTHER_LDFLAGS = (
					"-ObjC",
					"-lc++",
					"$(inherited)",
				);
				PRODUCT_BUNDLE_IDENTIFIER = "org.reactjs.native.example.$(PRODUCT_NAME:rfc1034identifier)";
				PRODUCT_NAME = "$(TARGET_NAME)";
				TEST_HOST = "$(BUILT_PRODUCTS_DIR)/streakk.app/streakk";
			};
			name = Release;
		};
		13B07F941A680F5B00A75B9A /* Debug */ = {
			isa = XCBuildConfiguration;
			baseConfigurationReference = 3B4392A12AC88292D35C810B /* Pods-streakk.debug.xcconfig */;
			buildSettings = {
				ASSETCATALOG_COMPILER_APPICON_NAME = AppIcon;
				CLANG_ENABLE_MODULES = YES;
				CURRENT_PROJECT_VERSION = 1;
				ENABLE_BITCODE = NO;
				INFOPLIST_FILE = streakk/Info.plist;
				LD_RUNPATH_SEARCH_PATHS = (
					"$(inherited)",
					"@executable_path/Frameworks",
				);
				MARKETING_VERSION = 1.0;
				OTHER_LDFLAGS = (
					"$(inherited)",
					"-ObjC",
					"-lc++",
				);
				PRODUCT_BUNDLE_IDENTIFIER = "org.reactjs.native.example.$(PRODUCT_NAME:rfc1034identifier)";
				PRODUCT_NAME = streakk;
				SWIFT_OPTIMIZATION_LEVEL = "-Onone";
				SWIFT_VERSION = 5.0;
				VERSIONING_SYSTEM = "apple-generic";
			};
			name = Debug;
		};
		13B07F951A680F5B00A75B9A /* Release */ = {
			isa = XCBuildConfiguration;
			baseConfigurationReference = 5709B34CF0A7D63546082F79 /* Pods-streakk.release.xcconfig */;
			buildSettings = {
				ASSETCATALOG_COMPILER_APPICON_NAME = AppIcon;
				CLANG_ENABLE_MODULES = YES;
				CURRENT_PROJECT_VERSION = 1;
				INFOPLIST_FILE = streakk/Info.plist;
				LD_RUNPATH_SEARCH_PATHS = (
					"$(inherited)",
					"@executable_path/Frameworks",
				);
				MARKETING_VERSION = 1.0;
				OTHER_LDFLAGS = (
					"$(inherited)",
					"-ObjC",
					"-lc++",
				);
				PRODUCT_BUNDLE_IDENTIFIER = "org.reactjs.native.example.$(PRODUCT_NAME:rfc1034identifier)";
				PRODUCT_NAME = streakk;
				SWIFT_VERSION = 5.0;
				VERSIONING_SYSTEM = "apple-generic";
			};
			name = Release;
		};
		83CBBA201A601CBA00E9B192 /* Debug */ = {
			isa = XCBuildConfiguration;
			buildSettings = {
				ALWAYS_SEARCH_USER_PATHS = NO;
				CLANG_ANALYZER_LOCALIZABILITY_NONLOCALIZED = YES;
				CLANG_CXX_LANGUAGE_STANDARD = "c++17";
				CLANG_CXX_LIBRARY = "libc++";
				CLANG_ENABLE_MODULES = YES;
				CLANG_ENABLE_OBJC_ARC = YES;
				CLANG_WARN_BLOCK_CAPTURE_AUTORELEASING = YES;
				CLANG_WARN_BOOL_CONVERSION = YES;
				CLANG_WARN_COMMA = YES;
				CLANG_WARN_CONSTANT_CONVERSION = YES;
				CLANG_WARN_DEPRECATED_OBJC_IMPLEMENTATIONS = YES;
				CLANG_WARN_DIRECT_OBJC_ISA_USAGE = YES_ERROR;
				CLANG_WARN_EMPTY_BODY = YES;
				CLANG_WARN_ENUM_CONVERSION = YES;
				CLANG_WARN_INFINITE_RECURSION = YES;
				CLANG_WARN_INT_CONVERSION = YES;
				CLANG_WARN_NON_LITERAL_NULL_CONVERSION = YES;
				CLANG_WARN_OBJC_IMPLICIT_RETAIN_SELF = YES;
				CLANG_WARN_OBJC_LITERAL_CONVERSION = YES;
				CLANG_WARN_OBJC_ROOT_CLASS = YES_ERROR;
				CLANG_WARN_QUOTED_INCLUDE_IN_FRAMEWORK_HEADER = YES;
				CLANG_WARN_RANGE_LOOP_ANALYSIS = YES;
				CLANG_WARN_STRICT_PROTOTYPES = YES;
				CLANG_WARN_SUSPICIOUS_MOVE = YES;
				CLANG_WARN_UNREACHABLE_CODE = YES;
				CLANG_WARN__DUPLICATE_METHOD_MATCH = YES;
				"CODE_SIGN_IDENTITY[sdk=iphoneos*]" = "iPhone Developer";
				COPY_PHASE_STRIP = NO;
				ENABLE_STRICT_OBJC_MSGSEND = YES;
				ENABLE_TESTABILITY = YES;
				"EXCLUDED_ARCHS[sdk=iphonesimulator*]" = "";
				GCC_C_LANGUAGE_STANDARD = gnu99;
				GCC_DYNAMIC_NO_PIC = NO;
				GCC_NO_COMMON_BLOCKS = YES;
				GCC_OPTIMIZATION_LEVEL = 0;
				GCC_PREPROCESSOR_DEFINITIONS = (
					"DEBUG=1",
					"$(inherited)",
				);
				GCC_SYMBOLS_PRIVATE_EXTERN = NO;
				GCC_WARN_64_TO_32_BIT_CONVERSION = YES;
				GCC_WARN_ABOUT_RETURN_TYPE = YES_ERROR;
				GCC_WARN_UNDECLARED_SELECTOR = YES;
				GCC_WARN_UNINITIALIZED_AUTOS = YES_AGGRESSIVE;
				GCC_WARN_UNUSED_FUNCTION = YES;
				GCC_WARN_UNUSED_VARIABLE = YES;
				IPHONEOS_DEPLOYMENT_TARGET = 12.4;
				LD_RUNPATH_SEARCH_PATHS = (
					/usr/lib/swift,
					"$(inherited)",
				);
				LIBRARY_SEARCH_PATHS = (
					"\"$(SDKROOT)/usr/lib/swift\"",
					"\"$(TOOLCHAIN_DIR)/usr/lib/swift/$(PLATFORM_NAME)\"",
					"\"$(inherited)\"",
				);
				MTL_ENABLE_DEBUG_INFO = YES;
				ONLY_ACTIVE_ARCH = YES;
				OTHER_CPLUSPLUSFLAGS = (
					"$(OTHER_CFLAGS)",
					"-DFOLLY_NO_CONFIG",
					"-DFOLLY_MOBILE=1",
					"-DFOLLY_USE_LIBCPP=1",
				);
				SDKROOT = iphoneos;
			};
			name = Debug;
		};
		83CBBA211A601CBA00E9B192 /* Release */ = {
			isa = XCBuildConfiguration;
			buildSettings = {
				ALWAYS_SEARCH_USER_PATHS = NO;
				CLANG_ANALYZER_LOCALIZABILITY_NONLOCALIZED = YES;
				CLANG_CXX_LANGUAGE_STANDARD = "c++17";
				CLANG_CXX_LIBRARY = "libc++";
				CLANG_ENABLE_MODULES = YES;
				CLANG_ENABLE_OBJC_ARC = YES;
				CLANG_WARN_BLOCK_CAPTURE_AUTORELEASING = YES;
				CLANG_WARN_BOOL_CONVERSION = YES;
				CLANG_WARN_COMMA = YES;
				CLANG_WARN_CONSTANT_CONVERSION = YES;
				CLANG_WARN_DEPRECATED_OBJC_IMPLEMENTATIONS = YES;
				CLANG_WARN_DIRECT_OBJC_ISA_USAGE = YES_ERROR;
				CLANG_WARN_EMPTY_BODY = YES;
				CLANG_WARN_ENUM_CONVERSION = YES;
				CLANG_WARN_INFINITE_RECURSION = YES;
				CLANG_WARN_INT_CONVERSION = YES;
				CLANG_WARN_NON_LITERAL_NULL_CONVERSION = YES;
				CLANG_WARN_OBJC_IMPLICIT_RETAIN_SELF = YES;
				CLANG_WARN_OBJC_LITERAL_CONVERSION = YES;
				CLANG_WARN_OBJC_ROOT_CLASS = YES_ERROR;
				CLANG_WARN_QUOTED_INCLUDE_IN_FRAMEWORK_HEADER = YES;
				CLANG_WARN_RANGE_LOOP_ANALYSIS = YES;
				CLANG_WARN_STRICT_PROTOTYPES = YES;
				CLANG_WARN_SUSPICIOUS_MOVE = YES;
				CLANG_WARN_UNREACHABLE_CODE = YES;
				CLANG_WARN__DUPLICATE_METHOD_MATCH = YES;
				"CODE_SIGN_IDENTITY[sdk=iphoneos*]" = "iPhone Developer";
				COPY_PHASE_STRIP = YES;
				ENABLE_NS_ASSERTIONS = NO;
				ENABLE_STRICT_OBJC_MSGSEND = YES;
				"EXCLUDED_ARCHS[sdk=iphonesimulator*]" = "";
				GCC_C_LANGUAGE_STANDARD = gnu99;
				GCC_NO_COMMON_BLOCKS = YES;
				GCC_WARN_64_TO_32_BIT_CONVERSION = YES;
				GCC_WARN_ABOUT_RETURN_TYPE = YES_ERROR;
				GCC_WARN_UNDECLARED_SELECTOR = YES;
				GCC_WARN_UNINITIALIZED_AUTOS = YES_AGGRESSIVE;
				GCC_WARN_UNUSED_FUNCTION = YES;
				GCC_WARN_UNUSED_VARIABLE = YES;
				IPHONEOS_DEPLOYMENT_TARGET = 12.4;
				LD_RUNPATH_SEARCH_PATHS = (
					/usr/lib/swift,
					"$(inherited)",
				);
				LIBRARY_SEARCH_PATHS = (
					"\"$(SDKROOT)/usr/lib/swift\"",
					"\"$(TOOLCHAIN_DIR)/usr/lib/swift/$(PLATFORM_NAME)\"",
					"\"$(inherited)\"",
				);
				MTL_ENABLE_DEBUG_INFO = NO;
				OTHER_CPLUSPLUSFLAGS = (
					"$(OTHER_CFLAGS)",
					"-DFOLLY_NO_CONFIG",
					"-DFOLLY_MOBILE=1",
					"-DFOLLY_USE_LIBCPP=1",
				);
				SDKROOT = iphoneos;
				VALIDATE_PRODUCT = YES;
			};
			name = Release;
		};
/* End XCBuildConfiguration section */

/* Begin XCConfigurationList section */
		00E357021AD99517003FC87E /* Build configuration list for PBXNativeTarget "streakkTests" */ = {
			isa = XCConfigurationList;
			buildConfigurations = (
				00E356F61AD99517003FC87E /* Debug */,
				00E356F71AD99517003FC87E /* Release */,
			);
			defaultConfigurationIsVisible = 0;
			defaultConfigurationName = Release;
		};
		13B07F931A680F5B00A75B9A /* Build configuration list for PBXNativeTarget "streakk" */ = {
			isa = XCConfigurationList;
			buildConfigurations = (
				13B07F941A680F5B00A75B9A /* Debug */,
				13B07F951A680F5B00A75B9A /* Release */,
			);
			defaultConfigurationIsVisible = 0;
			defaultConfigurationName = Release;
		};
		83CBB9FA1A601CBA00E9B192 /* Build configuration list for PBXProject "streakk" */ = {
			isa = XCConfigurationList;
			buildConfigurations = (
				83CBBA201A601CBA00E9B192 /* Debug */,
				83CBBA211A601CBA00E9B192 /* Release */,
			);
			defaultConfigurationIsVisible = 0;
			defaultConfigurationName = Release;
		};
/* End XCConfigurationList section */
	};
	rootObject = 83CBB9F71A601CBA00E9B192 /* Project object */;
}
